
Microsoft Visual Studio Solution File, Format Version 12.00
# Visual Studio 14
VisualStudioVersion = 14.0.23107.0
MinimumVisualStudioVersion = 10.0.40219.1
Project("{FAE04EC0-301F-11D3-BF4B-00C04F79EFBC}") = "JustGiving.QA.Framework", "JustGiving.QA.Framework\JustGiving.QA.Framework.csproj", "{DEEAFCA5-1C96-4C4B-A996-820188FE8B31}"
EndProject
Project("{FAE04EC0-301F-11D3-BF4B-00C04F79EFBC}") = "JustGiving.QA.Web.Tests", "JustGiving.QA.Web.Tests\JustGiving.QA.Web.Tests.csproj", "{354B1A43-CD01-49FA-BF10-799EF6B76D27}"
EndProject
Global
	GlobalSection(SolutionConfigurationPlatforms) = preSolution
		Debug|Any CPU = Debug|Any CPU
		Release|Any CPU = Release|Any CPU
	EndGlobalSection
	GlobalSection(ProjectConfigurationPlatforms) = postSolution
		{DEEAFCA5-1C96-4C4B-A996-820188FE8B31}.Debug|Any CPU.ActiveCfg = Debug|Any CPU
		{DEEAFCA5-1C96-4C4B-A996-820188FE8B31}.Debug|Any CPU.Build.0 = Debug|Any CPU
		{DEEAFCA5-1C96-4C4B-A996-820188FE8B31}.Release|Any CPU.ActiveCfg = Release|Any CPU
		{DEEAFCA5-1C96-4C4B-A996-820188FE8B31}.Release|Any CPU.Build.0 = Release|Any CPU
		{354B1A43-CD01-49FA-BF10-799EF6B76D27}.Debug|Any CPU.ActiveCfg = Debug|Any CPU
		{354B1A43-CD01-49FA-BF10-799EF6B76D27}.Debug|Any CPU.Build.0 = Debug|Any CPU
		{354B1A43-CD01-49FA-BF10-799EF6B76D27}.Release|Any CPU.ActiveCfg = Release|Any CPU
		{354B1A43-CD01-49FA-BF10-799EF6B76D27}.Release|Any CPU.Build.0 = Release|Any CPU
	EndGlobalSection
	GlobalSection(SolutionProperties) = preSolution
		HideSolutionNode = FALSE
	EndGlobalSection
EndGlobal
